
Microsoft Visual Studio Solution File, Format Version 12.00
# Visual Studio Version 17
VisualStudioVersion = 17.9.34310.174
MinimumVisualStudioVersion = 10.0.40219.1
Project("{9A19103F-16F7-4668-BE54-9A1E7A4F7556}") = "SC-TranslationSetup", "SC-TranslationSetup.csproj", "{4CE9027F-DD3E-4D59-AEE9-1D252F45ADE9}"
EndProject
Project("{2150E333-8FDC-42A3-9474-1A3956D46DE8}") = "Solution Items", "Solution Items", "{6BA0AD0C-A0AF-4E72-A1A1-F807CD3894CB}"
	ProjectSection(SolutionItems) = preProject
		.editorconfig = .editorconfig
	EndProjectSection
EndProject
Global
	GlobalSection(SolutionConfigurationPlatforms) = preSolution
		Debug|Any CPU = Debug|Any CPU
		Debug|x64 = Debug|x64
		Release|Any CPU = Release|Any CPU
		Release|x64 = Release|x64
	EndGlobalSection
	GlobalSection(ProjectConfigurationPlatforms) = postSolution
		{4CE9027F-DD3E-4D59-AEE9-1D252F45ADE9}.Debug|Any CPU.ActiveCfg = Debug|Any CPU
		{4CE9027F-DD3E-4D59-AEE9-1D252F45ADE9}.Debug|Any CPU.Build.0 = Debug|Any CPU
		{4CE9027F-DD3E-4D59-AEE9-1D252F45ADE9}.Debug|x64.ActiveCfg = Debug|x64
		{4CE9027F-DD3E-4D59-AEE9-1D252F45ADE9}.Debug|x64.Build.0 = Debug|x64
		{4CE9027F-DD3E-4D59-AEE9-1D252F45ADE9}.Release|Any CPU.ActiveCfg = Release|Any CPU
		{4CE9027F-DD3E-4D59-AEE9-1D252F45ADE9}.Release|Any CPU.Build.0 = Release|Any CPU
		{4CE9027F-DD3E-4D59-AEE9-1D252F45ADE9}.Release|x64.ActiveCfg = Release|x64
		{4CE9027F-DD3E-4D59-AEE9-1D252F45ADE9}.Release|x64.Build.0 = Release|x64
	EndGlobalSection
	GlobalSection(SolutionProperties) = preSolution
		HideSolutionNode = FALSE
	EndGlobalSection
	GlobalSection(ExtensibilityGlobals) = postSolution
		SolutionGuid = {8DD1F6E3-1B67-4E5D-8703-B95AE965DA3B}
	EndGlobalSection
EndGlobal
